
Microsoft Visual Studio Solution File, Format Version 12.00
# Visual Studio Version 16
VisualStudioVersion = 16.0.30114.105
MinimumVisualStudioVersion = 10.0.40219.1
Project("{FAE04EC0-301F-11D3-BF4B-00C04F79EFBC}") = "SudokuSolver2", "SudokuSolver2.csproj", "{115E6E04-37A8-4EC2-90A8-728051B60699}"
EndProject
Project("{FAE04EC0-301F-11D3-BF4B-00C04F79EFBC}") = "SudokuSolver2.Tests", "..\SudokuSolver2.Tests\SudokuSolver2.Tests.csproj", "{1313F3FB-B7A0-4661-863F-C6D03DF516E0}"
	ProjectSection(ProjectDependencies) = postProject
		{115E6E04-37A8-4EC2-90A8-728051B60699} = {115E6E04-37A8-4EC2-90A8-728051B60699}
	EndProjectSection
EndProject
Project("{FAE04EC0-301F-11D3-BF4B-00C04F79EFBC}") = "SudokuSolver2.Console", "..\SudokuSolver2.Console\SudokuSolver2.Console.csproj", "{C1309360-5262-4E5A-99C4-1FF9D5B041BD}"
	ProjectSection(ProjectDependencies) = postProject
		{115E6E04-37A8-4EC2-90A8-728051B60699} = {115E6E04-37A8-4EC2-90A8-728051B60699}
	EndProjectSection
EndProject
Global
	GlobalSection(SolutionConfigurationPlatforms) = preSolution
		Debug|Any CPU = Debug|Any CPU
		Release|Any CPU = Release|Any CPU
	EndGlobalSection
	GlobalSection(ProjectConfigurationPlatforms) = postSolution
		{115E6E04-37A8-4EC2-90A8-728051B60699}.Debug|Any CPU.ActiveCfg = Debug|Any CPU
		{115E6E04-37A8-4EC2-90A8-728051B60699}.Debug|Any CPU.Build.0 = Debug|Any CPU
		{115E6E04-37A8-4EC2-90A8-728051B60699}.Release|Any CPU.ActiveCfg = Release|Any CPU
		{115E6E04-37A8-4EC2-90A8-728051B60699}.Release|Any CPU.Build.0 = Release|Any CPU
		{1313F3FB-B7A0-4661-863F-C6D03DF516E0}.Debug|Any CPU.ActiveCfg = Debug|Any CPU
		{1313F3FB-B7A0-4661-863F-C6D03DF516E0}.Debug|Any CPU.Build.0 = Debug|Any CPU
		{1313F3FB-B7A0-4661-863F-C6D03DF516E0}.Release|Any CPU.ActiveCfg = Release|Any CPU
		{1313F3FB-B7A0-4661-863F-C6D03DF516E0}.Release|Any CPU.Build.0 = Release|Any CPU
		{C1309360-5262-4E5A-99C4-1FF9D5B041BD}.Debug|Any CPU.ActiveCfg = Debug|Any CPU
		{C1309360-5262-4E5A-99C4-1FF9D5B041BD}.Debug|Any CPU.Build.0 = Debug|Any CPU
		{C1309360-5262-4E5A-99C4-1FF9D5B041BD}.Release|Any CPU.ActiveCfg = Release|Any CPU
		{C1309360-5262-4E5A-99C4-1FF9D5B041BD}.Release|Any CPU.Build.0 = Release|Any CPU
	EndGlobalSection
	GlobalSection(SolutionProperties) = preSolution
		HideSolutionNode = FALSE
	EndGlobalSection
	GlobalSection(ExtensibilityGlobals) = postSolution
		SolutionGuid = {E0839282-193A-498B-8832-F151AAEB6DB8}
	EndGlobalSection
EndGlobal
